
Microsoft Visual Studio Solution File, Format Version 12.00
# Visual Studio 15
VisualStudioVersion = 15.0.27130.2010
MinimumVisualStudioVersion = 10.0.40219.1
Project("{9A19103F-16F7-4668-BE54-9A1E7A4F7556}") = "BinaryTreesCSharp", "BinaryTreesCSharp\BinaryTreesCSharp.csproj", "{9E0C75E8-8BAC-4D08-8AD7-A0AD26C3E502}"
EndProject
Project("{FAE04EC0-301F-11D3-BF4B-00C04F79EFBC}") = "0 - BinaryTreeCSharpTests", "0 - BinaryTreeCSharpTests\0 - BinaryTreeCSharpTests.csproj", "{C6C10D30-D0D4-428E-9E53-4C35FB5ADCCD}"
EndProject
Global
	GlobalSection(SolutionConfigurationPlatforms) = preSolution
		Debug|Any CPU = Debug|Any CPU
		Release|Any CPU = Release|Any CPU
	EndGlobalSection
	GlobalSection(ProjectConfigurationPlatforms) = postSolution
		{9E0C75E8-8BAC-4D08-8AD7-A0AD26C3E502}.Debug|Any CPU.ActiveCfg = Debug|Any CPU
		{9E0C75E8-8BAC-4D08-8AD7-A0AD26C3E502}.Debug|Any CPU.Build.0 = Debug|Any CPU
		{9E0C75E8-8BAC-4D08-8AD7-A0AD26C3E502}.Release|Any CPU.ActiveCfg = Release|Any CPU
		{9E0C75E8-8BAC-4D08-8AD7-A0AD26C3E502}.Release|Any CPU.Build.0 = Release|Any CPU
		{C6C10D30-D0D4-428E-9E53-4C35FB5ADCCD}.Debug|Any CPU.ActiveCfg = Debug|Any CPU
		{C6C10D30-D0D4-428E-9E53-4C35FB5ADCCD}.Debug|Any CPU.Build.0 = Debug|Any CPU
		{C6C10D30-D0D4-428E-9E53-4C35FB5ADCCD}.Release|Any CPU.ActiveCfg = Release|Any CPU
		{C6C10D30-D0D4-428E-9E53-4C35FB5ADCCD}.Release|Any CPU.Build.0 = Release|Any CPU
	EndGlobalSection
	GlobalSection(SolutionProperties) = preSolution
		HideSolutionNode = FALSE
	EndGlobalSection
	GlobalSection(ExtensibilityGlobals) = postSolution
		SolutionGuid = {AB37871F-9E42-4D4D-B37A-D14D899C9389}
	EndGlobalSection
EndGlobal
